// !$*UTF8*$!
{
	archiveVersion = 1;
	classes = {
	};
	objectVersion = 50;
	objects = {

/* Begin PBXBuildFile section */
		5E1367D822C748FF006E5475 /* DetailBookViewController.swift in Sources */ = {isa = PBXBuildFile; fileRef = 5E1367D722C748FF006E5475 /* DetailBookViewController.swift */; };
		5E1367DA22C74948006E5475 /* DetailBookViewModel.swift in Sources */ = {isa = PBXBuildFile; fileRef = 5E1367D922C74948006E5475 /* DetailBookViewModel.swift */; };
		5E1367DC22C74961006E5475 /* DetailBookRouting.swift in Sources */ = {isa = PBXBuildFile; fileRef = 5E1367DB22C74961006E5475 /* DetailBookRouting.swift */; };
		5E1367DE22C7497C006E5475 /* LogoutViewController.swift in Sources */ = {isa = PBXBuildFile; fileRef = 5E1367DD22C7497C006E5475 /* LogoutViewController.swift */; };
		5E1367E022C7498C006E5475 /* LogoutViewModel.swift in Sources */ = {isa = PBXBuildFile; fileRef = 5E1367DF22C7498C006E5475 /* LogoutViewModel.swift */; };
		5E1367E222C7499D006E5475 /* LogoutRouting.swift in Sources */ = {isa = PBXBuildFile; fileRef = 5E1367E122C7499D006E5475 /* LogoutRouting.swift */; };
		5E649BCD22C3872700E562F1 /* AppDelegate.swift in Sources */ = {isa = PBXBuildFile; fileRef = 5E649BCC22C3872700E562F1 /* AppDelegate.swift */; };
		5E649BCF22C3872700E562F1 /* ViewController.swift in Sources */ = {isa = PBXBuildFile; fileRef = 5E649BCE22C3872700E562F1 /* ViewController.swift */; };
		5E649BD222C3872700E562F1 /* Main.storyboard in Resources */ = {isa = PBXBuildFile; fileRef = 5E649BD022C3872700E562F1 /* Main.storyboard */; };
		5E649BD422C3872800E562F1 /* Assets.xcassets in Resources */ = {isa = PBXBuildFile; fileRef = 5E649BD322C3872800E562F1 /* Assets.xcassets */; };
		5E649BD722C3872800E562F1 /* LaunchScreen.storyboard in Resources */ = {isa = PBXBuildFile; fileRef = 5E649BD522C3872800E562F1 /* LaunchScreen.storyboard */; };
		5E649BE222C3872800E562F1 /* RxBookManager_iOSTests.swift in Sources */ = {isa = PBXBuildFile; fileRef = 5E649BE122C3872800E562F1 /* RxBookManager_iOSTests.swift */; };
		5EC81D9C22C5CD0F005B74E1 /* APIKit.framework in Frameworks */ = {isa = PBXBuildFile; fileRef = 5E885BDA22C5A72D00C9B547 /* APIKit.framework */; };
		5EC81D9D22C5CD1D005B74E1 /* Result.framework in Frameworks */ = {isa = PBXBuildFile; fileRef = 5E885BDC22C5A74200C9B547 /* Result.framework */; };
		5EC81D9E22C5CD30005B74E1 /* RxSwift.framework in Frameworks */ = {isa = PBXBuildFile; fileRef = 5E885BDE22C5A76200C9B547 /* RxSwift.framework */; };
		5EC81D9F22C5CD44005B74E1 /* RxCocoa.framework in Frameworks */ = {isa = PBXBuildFile; fileRef = 5E885BE022C5A77C00C9B547 /* RxCocoa.framework */; };
		5EFCE1A522C7270E004B8D3C /* LoginViewController.swift in Sources */ = {isa = PBXBuildFile; fileRef = 5EFCE1A422C7270E004B8D3C /* LoginViewController.swift */; };
		5EFCE1A722C72C4D004B8D3C /* LoginViewModel.swift in Sources */ = {isa = PBXBuildFile; fileRef = 5EFCE1A622C72C4D004B8D3C /* LoginViewModel.swift */; };
		5EFCE1AA22C72E64004B8D3C /* LoginRouting.swift in Sources */ = {isa = PBXBuildFile; fileRef = 5EFCE1A922C72E64004B8D3C /* LoginRouting.swift */; };
		5EFCE1AC22C72F0A004B8D3C /* SignUpViewController.swift in Sources */ = {isa = PBXBuildFile; fileRef = 5EFCE1AB22C72F0A004B8D3C /* SignUpViewController.swift */; };
		5EFCE1AE22C72F2B004B8D3C /* SignUpViewModel.swift in Sources */ = {isa = PBXBuildFile; fileRef = 5EFCE1AD22C72F2B004B8D3C /* SignUpViewModel.swift */; };
		5EFCE1B022C72F3F004B8D3C /* SignUpRouting.swift in Sources */ = {isa = PBXBuildFile; fileRef = 5EFCE1AF22C72F3F004B8D3C /* SignUpRouting.swift */; };
		5EFCE1B222C730DF004B8D3C /* MainTabBarController.swift in Sources */ = {isa = PBXBuildFile; fileRef = 5EFCE1B122C730DF004B8D3C /* MainTabBarController.swift */; };
		5EFCE1B422C73157004B8D3C /* BookListViewController.swift in Sources */ = {isa = PBXBuildFile; fileRef = 5EFCE1B322C73157004B8D3C /* BookListViewController.swift */; };
		5EFCE1B622C73172004B8D3C /* BookListViewModel.swift in Sources */ = {isa = PBXBuildFile; fileRef = 5EFCE1B522C73172004B8D3C /* BookListViewModel.swift */; };
		5EFCE1B822C7318A004B8D3C /* BookListRouting.swift in Sources */ = {isa = PBXBuildFile; fileRef = 5EFCE1B722C7318A004B8D3C /* BookListRouting.swift */; };
		5EFCE1BA22C73214004B8D3C /* BookListTableViewCell.swift in Sources */ = {isa = PBXBuildFile; fileRef = 5EFCE1B922C73214004B8D3C /* BookListTableViewCell.swift */; };
		5EFCE1BC22C732C4004B8D3C /* RegisterBookViewController.swift in Sources */ = {isa = PBXBuildFile; fileRef = 5EFCE1BB22C732C4004B8D3C /* RegisterBookViewController.swift */; };
		5EFCE1BE22C73303004B8D3C /* RegisterBookViewModel.swift in Sources */ = {isa = PBXBuildFile; fileRef = 5EFCE1BD22C73303004B8D3C /* RegisterBookViewModel.swift */; };
		5EFCE1C022C73350004B8D3C /* RegisterBookRouting.swift in Sources */ = {isa = PBXBuildFile; fileRef = 5EFCE1BF22C73350004B8D3C /* RegisterBookRouting.swift */; };
/* End PBXBuildFile section */

/* Begin PBXContainerItemProxy section */
		5E649BDE22C3872800E562F1 /* PBXContainerItemProxy */ = {
			isa = PBXContainerItemProxy;
			containerPortal = 5E649BC122C3872700E562F1 /* Project object */;
			proxyType = 1;
			remoteGlobalIDString = 5E649BC822C3872700E562F1;
			remoteInfo = "RxBookManager-iOS";
		};
/* End PBXContainerItemProxy section */

/* Begin PBXFileReference section */
		5E1367D722C748FF006E5475 /* DetailBookViewController.swift */ = {isa = PBXFileReference; lastKnownFileType = sourcecode.swift; path = DetailBookViewController.swift; sourceTree = "<group>"; };
		5E1367D922C74948006E5475 /* DetailBookViewModel.swift */ = {isa = PBXFileReference; lastKnownFileType = sourcecode.swift; path = DetailBookViewModel.swift; sourceTree = "<group>"; };
		5E1367DB22C74961006E5475 /* DetailBookRouting.swift */ = {isa = PBXFileReference; lastKnownFileType = sourcecode.swift; path = DetailBookRouting.swift; sourceTree = "<group>"; };
		5E1367DD22C7497C006E5475 /* LogoutViewController.swift */ = {isa = PBXFileReference; lastKnownFileType = sourcecode.swift; path = LogoutViewController.swift; sourceTree = "<group>"; };
		5E1367DF22C7498C006E5475 /* LogoutViewModel.swift */ = {isa = PBXFileReference; lastKnownFileType = sourcecode.swift; path = LogoutViewModel.swift; sourceTree = "<group>"; };
		5E1367E122C7499D006E5475 /* LogoutRouting.swift */ = {isa = PBXFileReference; lastKnownFileType = sourcecode.swift; path = LogoutRouting.swift; sourceTree = "<group>"; };
		5E649BC922C3872700E562F1 /* RxBookManager-iOS.app */ = {isa = PBXFileReference; explicitFileType = wrapper.application; includeInIndex = 0; path = "RxBookManager-iOS.app"; sourceTree = BUILT_PRODUCTS_DIR; };
		5E649BCC22C3872700E562F1 /* AppDelegate.swift */ = {isa = PBXFileReference; lastKnownFileType = sourcecode.swift; path = AppDelegate.swift; sourceTree = "<group>"; };
		5E649BCE22C3872700E562F1 /* ViewController.swift */ = {isa = PBXFileReference; lastKnownFileType = sourcecode.swift; path = ViewController.swift; sourceTree = "<group>"; };
		5E649BD122C3872700E562F1 /* Base */ = {isa = PBXFileReference; lastKnownFileType = file.storyboard; name = Base; path = Base.lproj/Main.storyboard; sourceTree = "<group>"; };
		5E649BD322C3872800E562F1 /* Assets.xcassets */ = {isa = PBXFileReference; lastKnownFileType = folder.assetcatalog; path = Assets.xcassets; sourceTree = "<group>"; };
		5E649BD622C3872800E562F1 /* Base */ = {isa = PBXFileReference; lastKnownFileType = file.storyboard; name = Base; path = Base.lproj/LaunchScreen.storyboard; sourceTree = "<group>"; };
		5E649BD822C3872800E562F1 /* Info.plist */ = {isa = PBXFileReference; lastKnownFileType = text.plist.xml; path = Info.plist; sourceTree = "<group>"; };
		5E649BDD22C3872800E562F1 /* RxBookManager-iOSTests.xctest */ = {isa = PBXFileReference; explicitFileType = wrapper.cfbundle; includeInIndex = 0; path = "RxBookManager-iOSTests.xctest"; sourceTree = BUILT_PRODUCTS_DIR; };
		5E649BE122C3872800E562F1 /* RxBookManager_iOSTests.swift */ = {isa = PBXFileReference; lastKnownFileType = sourcecode.swift; path = RxBookManager_iOSTests.swift; sourceTree = "<group>"; };
		5E649BE322C3872800E562F1 /* Info.plist */ = {isa = PBXFileReference; lastKnownFileType = text.plist.xml; path = Info.plist; sourceTree = "<group>"; };
		5E885BDA22C5A72D00C9B547 /* APIKit.framework */ = {isa = PBXFileReference; lastKnownFileType = wrapper.framework; name = APIKit.framework; path = Carthage/Build/iOS/APIKit.framework; sourceTree = "<group>"; };
		5E885BDC22C5A74200C9B547 /* Result.framework */ = {isa = PBXFileReference; lastKnownFileType = wrapper.framework; name = Result.framework; path = Carthage/Build/iOS/Result.framework; sourceTree = "<group>"; };
		5E885BDE22C5A76200C9B547 /* RxSwift.framework */ = {isa = PBXFileReference; lastKnownFileType = wrapper.framework; name = RxSwift.framework; path = Carthage/Build/iOS/RxSwift.framework; sourceTree = "<group>"; };
		5E885BE022C5A77C00C9B547 /* RxCocoa.framework */ = {isa = PBXFileReference; lastKnownFileType = wrapper.framework; name = RxCocoa.framework; path = Carthage/Build/iOS/RxCocoa.framework; sourceTree = "<group>"; };
		5EFCE1A422C7270E004B8D3C /* LoginViewController.swift */ = {isa = PBXFileReference; lastKnownFileType = sourcecode.swift; path = LoginViewController.swift; sourceTree = "<group>"; };
		5EFCE1A622C72C4D004B8D3C /* LoginViewModel.swift */ = {isa = PBXFileReference; lastKnownFileType = sourcecode.swift; path = LoginViewModel.swift; sourceTree = "<group>"; };
		5EFCE1A922C72E64004B8D3C /* LoginRouting.swift */ = {isa = PBXFileReference; lastKnownFileType = sourcecode.swift; path = LoginRouting.swift; sourceTree = "<group>"; };
		5EFCE1AB22C72F0A004B8D3C /* SignUpViewController.swift */ = {isa = PBXFileReference; lastKnownFileType = sourcecode.swift; path = SignUpViewController.swift; sourceTree = "<group>"; };
		5EFCE1AD22C72F2B004B8D3C /* SignUpViewModel.swift */ = {isa = PBXFileReference; lastKnownFileType = sourcecode.swift; path = SignUpViewModel.swift; sourceTree = "<group>"; };
		5EFCE1AF22C72F3F004B8D3C /* SignUpRouting.swift */ = {isa = PBXFileReference; lastKnownFileType = sourcecode.swift; path = SignUpRouting.swift; sourceTree = "<group>"; };
		5EFCE1B122C730DF004B8D3C /* MainTabBarController.swift */ = {isa = PBXFileReference; lastKnownFileType = sourcecode.swift; path = MainTabBarController.swift; sourceTree = "<group>"; };
		5EFCE1B322C73157004B8D3C /* BookListViewController.swift */ = {isa = PBXFileReference; lastKnownFileType = sourcecode.swift; path = BookListViewController.swift; sourceTree = "<group>"; };
		5EFCE1B522C73172004B8D3C /* BookListViewModel.swift */ = {isa = PBXFileReference; lastKnownFileType = sourcecode.swift; path = BookListViewModel.swift; sourceTree = "<group>"; };
		5EFCE1B722C7318A004B8D3C /* BookListRouting.swift */ = {isa = PBXFileReference; lastKnownFileType = sourcecode.swift; path = BookListRouting.swift; sourceTree = "<group>"; };
		5EFCE1B922C73214004B8D3C /* BookListTableViewCell.swift */ = {isa = PBXFileReference; lastKnownFileType = sourcecode.swift; path = BookListTableViewCell.swift; sourceTree = "<group>"; };
		5EFCE1BB22C732C4004B8D3C /* RegisterBookViewController.swift */ = {isa = PBXFileReference; lastKnownFileType = sourcecode.swift; path = RegisterBookViewController.swift; sourceTree = "<group>"; };
		5EFCE1BD22C73303004B8D3C /* RegisterBookViewModel.swift */ = {isa = PBXFileReference; lastKnownFileType = sourcecode.swift; path = RegisterBookViewModel.swift; sourceTree = "<group>"; };
		5EFCE1BF22C73350004B8D3C /* RegisterBookRouting.swift */ = {isa = PBXFileReference; lastKnownFileType = sourcecode.swift; path = RegisterBookRouting.swift; sourceTree = "<group>"; };
/* End PBXFileReference section */

/* Begin PBXFrameworksBuildPhase section */
		5E649BC622C3872700E562F1 /* Frameworks */ = {
			isa = PBXFrameworksBuildPhase;
			buildActionMask = 2147483647;
			files = (
				5EC81D9F22C5CD44005B74E1 /* RxCocoa.framework in Frameworks */,
				5EC81D9E22C5CD30005B74E1 /* RxSwift.framework in Frameworks */,
				5EC81D9D22C5CD1D005B74E1 /* Result.framework in Frameworks */,
				5EC81D9C22C5CD0F005B74E1 /* APIKit.framework in Frameworks */,
			);
			runOnlyForDeploymentPostprocessing = 0;
		};
		5E649BDA22C3872800E562F1 /* Frameworks */ = {
			isa = PBXFrameworksBuildPhase;
			buildActionMask = 2147483647;
			files = (
			);
			runOnlyForDeploymentPostprocessing = 0;
		};
/* End PBXFrameworksBuildPhase section */

/* Begin PBXGroup section */
		5E649BC022C3872700E562F1 = {
			isa = PBXGroup;
			children = (
				5E649BCB22C3872700E562F1 /* RxBookManager-iOS */,
				5E649BE022C3872800E562F1 /* RxBookManager-iOSTests */,
				5E649BCA22C3872700E562F1 /* Products */,
				5E885BD922C5A72C00C9B547 /* Frameworks */,
			);
			sourceTree = "<group>";
		};
		5E649BCA22C3872700E562F1 /* Products */ = {
			isa = PBXGroup;
			children = (
				5E649BC922C3872700E562F1 /* RxBookManager-iOS.app */,
				5E649BDD22C3872800E562F1 /* RxBookManager-iOSTests.xctest */,
			);
			name = Products;
			sourceTree = "<group>";
		};
		5E649BCB22C3872700E562F1 /* RxBookManager-iOS */ = {
			isa = PBXGroup;
			children = (
				5E649BCC22C3872700E562F1 /* AppDelegate.swift */,
				5E649BCE22C3872700E562F1 /* ViewController.swift */,
				5EFCE19122C637CE004B8D3C /* Data */,
				5EFCE19222C637EF004B8D3C /* Presentation */,
				5EFCE19322C63808004B8D3C /* Utility */,
				5E649BD022C3872700E562F1 /* Main.storyboard */,
				5E649BD322C3872800E562F1 /* Assets.xcassets */,
				5E649BD522C3872800E562F1 /* LaunchScreen.storyboard */,
				5E649BD822C3872800E562F1 /* Info.plist */,
			);
			path = "RxBookManager-iOS";
			sourceTree = "<group>";
		};
		5E649BE022C3872800E562F1 /* RxBookManager-iOSTests */ = {
			isa = PBXGroup;
			children = (
				5E649BE122C3872800E562F1 /* RxBookManager_iOSTests.swift */,
				5E649BE322C3872800E562F1 /* Info.plist */,
			);
			path = "RxBookManager-iOSTests";
			sourceTree = "<group>";
		};
		5E885BD922C5A72C00C9B547 /* Frameworks */ = {
			isa = PBXGroup;
			children = (
				5E885BE022C5A77C00C9B547 /* RxCocoa.framework */,
				5E885BDE22C5A76200C9B547 /* RxSwift.framework */,
				5E885BDC22C5A74200C9B547 /* Result.framework */,
				5E885BDA22C5A72D00C9B547 /* APIKit.framework */,
			);
			name = Frameworks;
			sourceTree = "<group>";
		};
		5EFCE19122C637CE004B8D3C /* Data */ = {
			isa = PBXGroup;
			children = (
				5E1367E622C77BA3006E5475 /* Request */,
				5EFCE19922C63983004B8D3C /* Entity */,
				5EFCE19A22C63998004B8D3C /* Repository */,
			);
			path = Data;
			sourceTree = "<group>";
		};
		5EFCE19222C637EF004B8D3C /* Presentation */ = {
			isa = PBXGroup;
			children = (
				5EFCE19B22C7213B004B8D3C /* Login */,
				5EFCE1A022C722BD004B8D3C /* SignUp */,
				5EFCE19C22C721E3004B8D3C /* MainTab */,
				5EFCE1A122C722DC004B8D3C /* BookList */,
				5EFCE19D22C721F3004B8D3C /* RegisterBook */,
				5EFCE19E22C7228E004B8D3C /* DetailBook */,
				5EFCE19F22C722AF004B8D3C /* Logout */,
			);
			path = Presentation;
			sourceTree = "<group>";
		};
		5EFCE19322C63808004B8D3C /* Utility */ = {
			isa = PBXGroup;
			children = (
				5EFCE1A322C72682004B8D3C /* Consts */,
				5EFCE1A222C72595004B8D3C /* Extension */,
			);
			path = Utility;
			sourceTree = "<group>";
		};
		5EFCE19922C63983004B8D3C /* Entity */ = {
			isa = PBXGroup;
			children = (
			);
			path = Entity;
			sourceTree = "<group>";
		};
		5EFCE19A22C63998004B8D3C /* Repository */ = {
			isa = PBXGroup;
			children = (
			);
			path = Repository;
			sourceTree = "<group>";
		};
		5EFCE19B22C7213B004B8D3C /* Login */ = {
			isa = PBXGroup;
			children = (
				5EFCE1A422C7270E004B8D3C /* LoginViewController.swift */,
				5EFCE1A622C72C4D004B8D3C /* LoginViewModel.swift */,
				5EFCE1A922C72E64004B8D3C /* LoginRouting.swift */,
			);
			path = Login;
			sourceTree = "<group>";
		};
		5EFCE19C22C721E3004B8D3C /* MainTab */ = {
			isa = PBXGroup;
			children = (
				5EFCE1B122C730DF004B8D3C /* MainTabBarController.swift */,
			);
			path = MainTab;
			sourceTree = "<group>";
		};
		5EFCE19D22C721F3004B8D3C /* RegisterBook */ = {
			isa = PBXGroup;
			children = (
				5EFCE1BB22C732C4004B8D3C /* RegisterBookViewController.swift */,
				5EFCE1BD22C73303004B8D3C /* RegisterBookViewModel.swift */,
				5EFCE1BF22C73350004B8D3C /* RegisterBookRouting.swift */,
			);
			path = RegisterBook;
			sourceTree = "<group>";
		};
		5EFCE19E22C7228E004B8D3C /* DetailBook */ = {
			isa = PBXGroup;
			children = (
				5E1367D722C748FF006E5475 /* DetailBookViewController.swift */,
				5E1367D922C74948006E5475 /* DetailBookViewModel.swift */,
				5E1367DB22C74961006E5475 /* DetailBookRouting.swift */,
			);
			path = DetailBook;
			sourceTree = "<group>";
		};
		5EFCE19F22C722AF004B8D3C /* Logout */ = {
			isa = PBXGroup;
			children = (
				5E1367DD22C7497C006E5475 /* LogoutViewController.swift */,
				5E1367DF22C7498C006E5475 /* LogoutViewModel.swift */,
				5E1367E122C7499D006E5475 /* LogoutRouting.swift */,
			);
			path = Logout;
			sourceTree = "<group>";
		};
		5EFCE1A022C722BD004B8D3C /* SignUp */ = {
			isa = PBXGroup;
			children = (
				5EFCE1AB22C72F0A004B8D3C /* SignUpViewController.swift */,
				5EFCE1AD22C72F2B004B8D3C /* SignUpViewModel.swift */,
				5EFCE1AF22C72F3F004B8D3C /* SignUpRouting.swift */,
			);
			path = SignUp;
			sourceTree = "<group>";
		};
		5EFCE1A122C722DC004B8D3C /* BookList */ = {
			isa = PBXGroup;
			children = (
				5EFCE1B322C73157004B8D3C /* BookListViewController.swift */,
				5EFCE1B522C73172004B8D3C /* BookListViewModel.swift */,
				5EFCE1B722C7318A004B8D3C /* BookListRouting.swift */,
				5EFCE1B922C73214004B8D3C /* BookListTableViewCell.swift */,
			);
			path = BookList;
			sourceTree = "<group>";
		};
		5EFCE1A222C72595004B8D3C /* Extension */ = {
			isa = PBXGroup;
			children = (
			);
			path = Extension;
			sourceTree = "<group>";
		};
		5EFCE1A322C72682004B8D3C /* Consts */ = {
			isa = PBXGroup;
			children = (
			);
			path = Consts;
			sourceTree = "<group>";
		};
/* End PBXGroup section */

/* Begin PBXNativeTarget section */
		5E649BC822C3872700E562F1 /* RxBookManager-iOS */ = {
			isa = PBXNativeTarget;
			buildConfigurationList = 5E649BE622C3872800E562F1 /* Build configuration list for PBXNativeTarget "RxBookManager-iOS" */;
			buildPhases = (
				5E649BC522C3872700E562F1 /* Sources */,
				5E649BC622C3872700E562F1 /* Frameworks */,
				5E649BC722C3872700E562F1 /* Resources */,
				5E2DD91822C5C21C005410E1 /* Copy Carthage Frameworks */,
			);
			buildRules = (
			);
			dependencies = (
			);
			name = "RxBookManager-iOS";
			productName = "RxBookManager-iOS";
			productReference = 5E649BC922C3872700E562F1 /* RxBookManager-iOS.app */;
			productType = "com.apple.product-type.application";
		};
		5E649BDC22C3872800E562F1 /* RxBookManager-iOSTests */ = {
			isa = PBXNativeTarget;
			buildConfigurationList = 5E649BE922C3872800E562F1 /* Build configuration list for PBXNativeTarget "RxBookManager-iOSTests" */;
			buildPhases = (
				5E649BD922C3872800E562F1 /* Sources */,
				5E649BDA22C3872800E562F1 /* Frameworks */,
				5E649BDB22C3872800E562F1 /* Resources */,
			);
			buildRules = (
			);
			dependencies = (
				5E649BDF22C3872800E562F1 /* PBXTargetDependency */,
			);
			name = "RxBookManager-iOSTests";
			productName = "RxBookManager-iOSTests";
			productReference = 5E649BDD22C3872800E562F1 /* RxBookManager-iOSTests.xctest */;
			productType = "com.apple.product-type.bundle.unit-test";
		};
/* End PBXNativeTarget section */

/* Begin PBXProject section */
		5E649BC122C3872700E562F1 /* Project object */ = {
			isa = PBXProject;
			attributes = {
				LastSwiftUpdateCheck = 1010;
				LastUpgradeCheck = 1010;
				ORGANIZATIONNAME = nabezawa;
				TargetAttributes = {
					5E649BC822C3872700E562F1 = {
						CreatedOnToolsVersion = 10.1;
					};
					5E649BDC22C3872800E562F1 = {
						CreatedOnToolsVersion = 10.1;
						TestTargetID = 5E649BC822C3872700E562F1;
					};
				};
			};
			buildConfigurationList = 5E649BC422C3872700E562F1 /* Build configuration list for PBXProject "RxBookManager-iOS" */;
			compatibilityVersion = "Xcode 9.3";
			developmentRegion = en;
			hasScannedForEncodings = 0;
			knownRegions = (
				en,
				Base,
			);
			mainGroup = 5E649BC022C3872700E562F1;
			productRefGroup = 5E649BCA22C3872700E562F1 /* Products */;
			projectDirPath = "";
			projectRoot = "";
			targets = (
				5E649BC822C3872700E562F1 /* RxBookManager-iOS */,
				5E649BDC22C3872800E562F1 /* RxBookManager-iOSTests */,
			);
		};
/* End PBXProject section */

/* Begin PBXResourcesBuildPhase section */
		5E649BC722C3872700E562F1 /* Resources */ = {
			isa = PBXResourcesBuildPhase;
			buildActionMask = 2147483647;
			files = (
				5E649BD722C3872800E562F1 /* LaunchScreen.storyboard in Resources */,
				5E649BD422C3872800E562F1 /* Assets.xcassets in Resources */,
				5E649BD222C3872700E562F1 /* Main.storyboard in Resources */,
			);
			runOnlyForDeploymentPostprocessing = 0;
		};
		5E649BDB22C3872800E562F1 /* Resources */ = {
			isa = PBXResourcesBuildPhase;
			buildActionMask = 2147483647;
			files = (
			);
			runOnlyForDeploymentPostprocessing = 0;
		};
/* End PBXResourcesBuildPhase section */

/* Begin PBXShellScriptBuildPhase section */
		5E2DD91822C5C21C005410E1 /* Copy Carthage Frameworks */ = {
			isa = PBXShellScriptBuildPhase;
			buildActionMask = 2147483647;
			files = (
			);
			inputFileListPaths = (
			);
			inputPaths = (
				"$(SRCROOT)/Carthage/Build/iOS/APIKit.framework",
				"$(SRCROOT)/Carthage/Build/iOS/Result.framework",
				"$(SRCROOT)/Carthage/Build/iOS/RxCocoa.framework",
				"$(SRCROOT)/Carthage/Build/iOS/RxSwift.framework",
			);
			name = "Copy Carthage Frameworks";
			outputFileListPaths = (
			);
			outputPaths = (
			);
			runOnlyForDeploymentPostprocessing = 0;
			shellPath = /bin/sh;
			shellScript = "/usr/local/bin/carthage copy-frameworks\n";
		};
/* End PBXShellScriptBuildPhase section */

/* Begin PBXSourcesBuildPhase section */
		5E649BC522C3872700E562F1 /* Sources */ = {
			isa = PBXSourcesBuildPhase;
			buildActionMask = 2147483647;
			files = (
				5E1367DA22C74948006E5475 /* DetailBookViewModel.swift in Sources */,
				5EFCE1AC22C72F0A004B8D3C /* SignUpViewController.swift in Sources */,
				5EFCE1BA22C73214004B8D3C /* BookListTableViewCell.swift in Sources */,
				5E1367D822C748FF006E5475 /* DetailBookViewController.swift in Sources */,
				5EFCE1A722C72C4D004B8D3C /* LoginViewModel.swift in Sources */,
				5EFCE1B222C730DF004B8D3C /* MainTabBarController.swift in Sources */,
				5EFCE1B822C7318A004B8D3C /* BookListRouting.swift in Sources */,
				5EFCE1AA22C72E64004B8D3C /* LoginRouting.swift in Sources */,
				5EFCE1A522C7270E004B8D3C /* LoginViewController.swift in Sources */,
				5E1367E022C7498C006E5475 /* LogoutViewModel.swift in Sources */,
				5EFCE1B022C72F3F004B8D3C /* SignUpRouting.swift in Sources */,
				5E649BCF22C3872700E562F1 /* ViewController.swift in Sources */,
				5EFCE1B622C73172004B8D3C /* BookListViewModel.swift in Sources */,
				5EFCE1BC22C732C4004B8D3C /* RegisterBookViewController.swift in Sources */,
				5E1367DC22C74961006E5475 /* DetailBookRouting.swift in Sources */,
				5E649BCD22C3872700E562F1 /* AppDelegate.swift in Sources */,
				5E1367E222C7499D006E5475 /* LogoutRouting.swift in Sources */,
				5EFCE1C022C73350004B8D3C /* RegisterBookRouting.swift in Sources */,
				5EFCE1BE22C73303004B8D3C /* RegisterBookViewModel.swift in Sources */,
				5EFCE1AE22C72F2B004B8D3C /* SignUpViewModel.swift in Sources */,
				5E1367DE22C7497C006E5475 /* LogoutViewController.swift in Sources */,
				5EFCE1B422C73157004B8D3C /* BookListViewController.swift in Sources */,
			);
			runOnlyForDeploymentPostprocessing = 0;
		};
		5E649BD922C3872800E562F1 /* Sources */ = {
			isa = PBXSourcesBuildPhase;
			buildActionMask = 2147483647;
			files = (
				5E649BE222C3872800E562F1 /* RxBookManager_iOSTests.swift in Sources */,
			);
			runOnlyForDeploymentPostprocessing = 0;
		};
/* End PBXSourcesBuildPhase section */

/* Begin PBXTargetDependency section */
		5E649BDF22C3872800E562F1 /* PBXTargetDependency */ = {
			isa = PBXTargetDependency;
			target = 5E649BC822C3872700E562F1 /* RxBookManager-iOS */;
			targetProxy = 5E649BDE22C3872800E562F1 /* PBXContainerItemProxy */;
		};
/* End PBXTargetDependency section */

/* Begin PBXVariantGroup section */
		5E649BD022C3872700E562F1 /* Main.storyboard */ = {
			isa = PBXVariantGroup;
			children = (
				5E649BD122C3872700E562F1 /* Base */,
			);
			name = Main.storyboard;
			sourceTree = "<group>";
		};
		5E649BD522C3872800E562F1 /* LaunchScreen.storyboard */ = {
			isa = PBXVariantGroup;
			children = (
				5E649BD622C3872800E562F1 /* Base */,
			);
			name = LaunchScreen.storyboard;
			sourceTree = "<group>";
		};
/* End PBXVariantGroup section */

/* Begin XCBuildConfiguration section */
		5E649BE422C3872800E562F1 /* Debug */ = {
			isa = XCBuildConfiguration;
			buildSettings = {
				ALWAYS_SEARCH_USER_PATHS = NO;
				CLANG_ANALYZER_NONNULL = YES;
				CLANG_ANALYZER_NUMBER_OBJECT_CONVERSION = YES_AGGRESSIVE;
				CLANG_CXX_LANGUAGE_STANDARD = "gnu++14";
				CLANG_CXX_LIBRARY = "libc++";
				CLANG_ENABLE_MODULES = YES;
				CLANG_ENABLE_OBJC_ARC = YES;
				CLANG_ENABLE_OBJC_WEAK = YES;
				CLANG_WARN_BLOCK_CAPTURE_AUTORELEASING = YES;
				CLANG_WARN_BOOL_CONVERSION = YES;
				CLANG_WARN_COMMA = YES;
				CLANG_WARN_CONSTANT_CONVERSION = YES;
				CLANG_WARN_DEPRECATED_OBJC_IMPLEMENTATIONS = YES;
				CLANG_WARN_DIRECT_OBJC_ISA_USAGE = YES_ERROR;
				CLANG_WARN_DOCUMENTATION_COMMENTS = YES;
				CLANG_WARN_EMPTY_BODY = YES;
				CLANG_WARN_ENUM_CONVERSION = YES;
				CLANG_WARN_INFINITE_RECURSION = YES;
				CLANG_WARN_INT_CONVERSION = YES;
				CLANG_WARN_NON_LITERAL_NULL_CONVERSION = YES;
				CLANG_WARN_OBJC_IMPLICIT_RETAIN_SELF = YES;
				CLANG_WARN_OBJC_LITERAL_CONVERSION = YES;
				CLANG_WARN_OBJC_ROOT_CLASS = YES_ERROR;
				CLANG_WARN_RANGE_LOOP_ANALYSIS = YES;
				CLANG_WARN_STRICT_PROTOTYPES = YES;
				CLANG_WARN_SUSPICIOUS_MOVE = YES;
				CLANG_WARN_UNGUARDED_AVAILABILITY = YES_AGGRESSIVE;
				CLANG_WARN_UNREACHABLE_CODE = YES;
				CLANG_WARN__DUPLICATE_METHOD_MATCH = YES;
				CODE_SIGN_IDENTITY = "iPhone Developer";
				COPY_PHASE_STRIP = NO;
				DEBUG_INFORMATION_FORMAT = dwarf;
				ENABLE_STRICT_OBJC_MSGSEND = YES;
				ENABLE_TESTABILITY = YES;
				GCC_C_LANGUAGE_STANDARD = gnu11;
				GCC_DYNAMIC_NO_PIC = NO;
				GCC_NO_COMMON_BLOCKS = YES;
				GCC_OPTIMIZATION_LEVEL = 0;
				GCC_PREPROCESSOR_DEFINITIONS = (
					"DEBUG=1",
					"$(inherited)",
				);
				GCC_WARN_64_TO_32_BIT_CONVERSION = YES;
				GCC_WARN_ABOUT_RETURN_TYPE = YES_ERROR;
				GCC_WARN_UNDECLARED_SELECTOR = YES;
				GCC_WARN_UNINITIALIZED_AUTOS = YES_AGGRESSIVE;
				GCC_WARN_UNUSED_FUNCTION = YES;
				GCC_WARN_UNUSED_VARIABLE = YES;
				IPHONEOS_DEPLOYMENT_TARGET = 12.1;
				MTL_ENABLE_DEBUG_INFO = INCLUDE_SOURCE;
				MTL_FAST_MATH = YES;
				ONLY_ACTIVE_ARCH = YES;
				SDKROOT = iphoneos;
				SWIFT_ACTIVE_COMPILATION_CONDITIONS = DEBUG;
				SWIFT_OPTIMIZATION_LEVEL = "-Onone";
			};
			name = Debug;
		};
		5E649BE522C3872800E562F1 /* Release */ = {
			isa = XCBuildConfiguration;
			buildSettings = {
				ALWAYS_SEARCH_USER_PATHS = NO;
				CLANG_ANALYZER_NONNULL = YES;
				CLANG_ANALYZER_NUMBER_OBJECT_CONVERSION = YES_AGGRESSIVE;
				CLANG_CXX_LANGUAGE_STANDARD = "gnu++14";
				CLANG_CXX_LIBRARY = "libc++";
				CLANG_ENABLE_MODULES = YES;
				CLANG_ENABLE_OBJC_ARC = YES;
				CLANG_ENABLE_OBJC_WEAK = YES;
				CLANG_WARN_BLOCK_CAPTURE_AUTORELEASING = YES;
				CLANG_WARN_BOOL_CONVERSION = YES;
				CLANG_WARN_COMMA = YES;
				CLANG_WARN_CONSTANT_CONVERSION = YES;
				CLANG_WARN_DEPRECATED_OBJC_IMPLEMENTATIONS = YES;
				CLANG_WARN_DIRECT_OBJC_ISA_USAGE = YES_ERROR;
				CLANG_WARN_DOCUMENTATION_COMMENTS = YES;
				CLANG_WARN_EMPTY_BODY = YES;
				CLANG_WARN_ENUM_CONVERSION = YES;
				CLANG_WARN_INFINITE_RECURSION = YES;
				CLANG_WARN_INT_CONVERSION = YES;
				CLANG_WARN_NON_LITERAL_NULL_CONVERSION = YES;
				CLANG_WARN_OBJC_IMPLICIT_RETAIN_SELF = YES;
				CLANG_WARN_OBJC_LITERAL_CONVERSION = YES;
				CLANG_WARN_OBJC_ROOT_CLASS = YES_ERROR;
				CLANG_WARN_RANGE_LOOP_ANALYSIS = YES;
				CLANG_WARN_STRICT_PROTOTYPES = YES;
				CLANG_WARN_SUSPICIOUS_MOVE = YES;
				CLANG_WARN_UNGUARDED_AVAILABILITY = YES_AGGRESSIVE;
				CLANG_WARN_UNREACHABLE_CODE = YES;
				CLANG_WARN__DUPLICATE_METHOD_MATCH = YES;
				CODE_SIGN_IDENTITY = "iPhone Developer";
				COPY_PHASE_STRIP = NO;
				DEBUG_INFORMATION_FORMAT = "dwarf-with-dsym";
				ENABLE_NS_ASSERTIONS = NO;
				ENABLE_STRICT_OBJC_MSGSEND = YES;
				GCC_C_LANGUAGE_STANDARD = gnu11;
				GCC_NO_COMMON_BLOCKS = YES;
				GCC_WARN_64_TO_32_BIT_CONVERSION = YES;
				GCC_WARN_ABOUT_RETURN_TYPE = YES_ERROR;
				GCC_WARN_UNDECLARED_SELECTOR = YES;
				GCC_WARN_UNINITIALIZED_AUTOS = YES_AGGRESSIVE;
				GCC_WARN_UNUSED_FUNCTION = YES;
				GCC_WARN_UNUSED_VARIABLE = YES;
				IPHONEOS_DEPLOYMENT_TARGET = 12.1;
				MTL_ENABLE_DEBUG_INFO = NO;
				MTL_FAST_MATH = YES;
				SDKROOT = iphoneos;
				SWIFT_COMPILATION_MODE = wholemodule;
				SWIFT_OPTIMIZATION_LEVEL = "-O";
				VALIDATE_PRODUCT = YES;
			};
			name = Release;
		};
		5E649BE722C3872800E562F1 /* Debug */ = {
			isa = XCBuildConfiguration;
			buildSettings = {
				ASSETCATALOG_COMPILER_APPICON_NAME = AppIcon;
				CODE_SIGN_STYLE = Automatic;
				FRAMEWORK_SEARCH_PATHS = (
					"$(inherited)",
					"$(PROJECT_DIR)/Carthage/Build/iOS",
				);
				INFOPLIST_FILE = "RxBookManager-iOS/Info.plist";
				LD_RUNPATH_SEARCH_PATHS = (
					"$(inherited)",
					"@executable_path/Frameworks",
				);
				PRODUCT_BUNDLE_IDENTIFIER = "com.nabezawa.RxBookManager-iOS";
				PRODUCT_NAME = "$(TARGET_NAME)";
				SWIFT_VERSION = 4.2;
				TARGETED_DEVICE_FAMILY = "1,2";
			};
			name = Debug;
		};
		5E649BE822C3872800E562F1 /* Release */ = {
			isa = XCBuildConfiguration;
			buildSettings = {
				ASSETCATALOG_COMPILER_APPICON_NAME = AppIcon;
				CODE_SIGN_STYLE = Automatic;
				FRAMEWORK_SEARCH_PATHS = (
					"$(inherited)",
					"$(PROJECT_DIR)/Carthage/Build/iOS",
				);
				INFOPLIST_FILE = "RxBookManager-iOS/Info.plist";
				LD_RUNPATH_SEARCH_PATHS = (
					"$(inherited)",
					"@executable_path/Frameworks",
				);
				PRODUCT_BUNDLE_IDENTIFIER = "com.nabezawa.RxBookManager-iOS";
				PRODUCT_NAME = "$(TARGET_NAME)";
				SWIFT_VERSION = 4.2;
				TARGETED_DEVICE_FAMILY = "1,2";
			};
			name = Release;
		};
		5E649BEA22C3872800E562F1 /* Debug */ = {
			isa = XCBuildConfiguration;
			buildSettings = {
				ALWAYS_EMBED_SWIFT_STANDARD_LIBRARIES = YES;
				BUNDLE_LOADER = "$(TEST_HOST)";
				CODE_SIGN_STYLE = Automatic;
				INFOPLIST_FILE = "RxBookManager-iOSTests/Info.plist";
				LD_RUNPATH_SEARCH_PATHS = (
					"$(inherited)",
					"@executable_path/Frameworks",
					"@loader_path/Frameworks",
				);
				PRODUCT_BUNDLE_IDENTIFIER = "com.nabezawa.RxBookManager-iOSTests";
				PRODUCT_NAME = "$(TARGET_NAME)";
				SWIFT_VERSION = 4.2;
				TARGETED_DEVICE_FAMILY = "1,2";
				TEST_HOST = "$(BUILT_PRODUCTS_DIR)/RxBookManager-iOS.app/RxBookManager-iOS";
			};
			name = Debug;
		};
		5E649BEB22C3872800E562F1 /* Release */ = {
			isa = XCBuildConfiguration;
			buildSettings = {
				ALWAYS_EMBED_SWIFT_STANDARD_LIBRARIES = YES;
				BUNDLE_LOADER = "$(TEST_HOST)";
				CODE_SIGN_STYLE = Automatic;
				INFOPLIST_FILE = "RxBookManager-iOSTests/Info.plist";
				LD_RUNPATH_SEARCH_PATHS = (
					"$(inherited)",
					"@executable_path/Frameworks",
					"@loader_path/Frameworks",
				);
				PRODUCT_BUNDLE_IDENTIFIER = "com.nabezawa.RxBookManager-iOSTests";
				PRODUCT_NAME = "$(TARGET_NAME)";
				SWIFT_VERSION = 4.2;
				TARGETED_DEVICE_FAMILY = "1,2";
				TEST_HOST = "$(BUILT_PRODUCTS_DIR)/RxBookManager-iOS.app/RxBookManager-iOS";
			};
			name = Release;
		};
/* End XCBuildConfiguration section */

/* Begin XCConfigurationList section */
		5E649BC422C3872700E562F1 /* Build configuration list for PBXProject "RxBookManager-iOS" */ = {
			isa = XCConfigurationList;
			buildConfigurations = (
				5E649BE422C3872800E562F1 /* Debug */,
				5E649BE522C3872800E562F1 /* Release */,
			);
			defaultConfigurationIsVisible = 0;
			defaultConfigurationName = Release;
		};
		5E649BE622C3872800E562F1 /* Build configuration list for PBXNativeTarget "RxBookManager-iOS" */ = {
			isa = XCConfigurationList;
			buildConfigurations = (
				5E649BE722C3872800E562F1 /* Debug */,
				5E649BE822C3872800E562F1 /* Release */,
			);
			defaultConfigurationIsVisible = 0;
			defaultConfigurationName = Release;
		};
		5E649BE922C3872800E562F1 /* Build configuration list for PBXNativeTarget "RxBookManager-iOSTests" */ = {
			isa = XCConfigurationList;
			buildConfigurations = (
				5E649BEA22C3872800E562F1 /* Debug */,
				5E649BEB22C3872800E562F1 /* Release */,
			);
			defaultConfigurationIsVisible = 0;
			defaultConfigurationName = Release;
		};
/* End XCConfigurationList section */
	};
	rootObject = 5E649BC122C3872700E562F1 /* Project object */;
}
